{
  "name": "api-dynamic-typescript-parser",
  "version": "0.11.0",
  "lockfileVersion": 2,
  "requires": true,
  "packages": {
    "": {
      "name": "api-dynamic-typescript-parser",
      "version": "0.11.0",
      "license": "ISC",
      "dependencies": {
        "api-untyped-ast": "^0.6.0",
        "pareto-core-types": "^0.6.0"
      }
    },
    "node_modules/api-untyped-ast": {
      "version": "0.6.0",
      "resolved": "https://registry.npmjs.org/api-untyped-ast/-/api-untyped-ast-0.6.0.tgz",
      "integrity": "sha512-QGG1Z4OvhyGfmDHdvsvQ0UBtdSe/jjocpbNkioUOHH1rrbvHGXvAXmXzqsbRr/SRpM9nOjA4M+pAoBNVN8mz6A==",
      "dependencies": {
        "pareto-core-types": "^0.6.0"
      }
    },
    "node_modules/pareto-core-types": {
      "version": "0.6.0",
      "resolved": "https://registry.npmjs.org/pareto-core-types/-/pareto-core-types-0.6.0.tgz",
      "integrity": "sha512-q9M6w+M6kgJBaroffQto9oRqsBKDpYI+JbJgO+7wVUx5QPew9kEsdevkNfjPPPWhq0grRg9Nj3t2gQy6wXyL2g=="
    }
  },
  "dependencies": {
    "api-untyped-ast": {
      "version": "0.6.0",
      "resolved": "https://registry.npmjs.org/api-untyped-ast/-/api-untyped-ast-0.6.0.tgz",
      "integrity": "sha512-QGG1Z4OvhyGfmDHdvsvQ0UBtdSe/jjocpbNkioUOHH1rrbvHGXvAXmXzqsbRr/SRpM9nOjA4M+pAoBNVN8mz6A==",
      "requires": {
        "pareto-core-types": "^0.6.0"
      }
    },
    "pareto-core-types": {
      "version": "0.6.0",
      "resolved": "https://registry.npmjs.org/pareto-core-types/-/pareto-core-types-0.6.0.tgz",
      "integrity": "sha512-q9M6w+M6kgJBaroffQto9oRqsBKDpYI+JbJgO+7wVUx5QPew9kEsdevkNfjPPPWhq0grRg9Nj3t2gQy6wXyL2g=="
    }
  }
}
