{
  "name": "api-dynamic-typescript-parser",
  "version": "0.6.0",
  "lockfileVersion": 2,
  "requires": true,
  "packages": {
    "": {
      "name": "api-dynamic-typescript-parser",
      "version": "0.6.0",
      "license": "ISC",
      "dependencies": {
        "api-untyped-ast": "^0.2.3",
        "pareto-core-types": "^0.2.0"
      }
    },
    "node_modules/api-untyped-ast": {
      "version": "0.2.3",
      "resolved": "https://registry.npmjs.org/api-untyped-ast/-/api-untyped-ast-0.2.3.tgz",
      "integrity": "sha512-5cKbABunHwa5gEpzIqsm1haGpygoc8hRYxX8Z3AQM6oPMKA7WfWw9E4qDiPeexnzJkhsKkjm5wOm8YgS29BM1w==",
      "dependencies": {
        "pareto-core-types": "^0.2.0"
      }
    },
    "node_modules/pareto-core-types": {
      "version": "0.2.0",
      "resolved": "https://registry.npmjs.org/pareto-core-types/-/pareto-core-types-0.2.0.tgz",
      "integrity": "sha512-XopY0slTv5wAObZu0nOSsz6O86K/peQhVu+bqIBMJRKiewjawmIOqa9e8JHlFyXdMHxa0Ek4zDThWQVkiBCsKQ=="
    }
  },
  "dependencies": {
    "api-untyped-ast": {
      "version": "0.2.3",
      "resolved": "https://registry.npmjs.org/api-untyped-ast/-/api-untyped-ast-0.2.3.tgz",
      "integrity": "sha512-5cKbABunHwa5gEpzIqsm1haGpygoc8hRYxX8Z3AQM6oPMKA7WfWw9E4qDiPeexnzJkhsKkjm5wOm8YgS29BM1w==",
      "requires": {
        "pareto-core-types": "^0.2.0"
      }
    },
    "pareto-core-types": {
      "version": "0.2.0",
      "resolved": "https://registry.npmjs.org/pareto-core-types/-/pareto-core-types-0.2.0.tgz",
      "integrity": "sha512-XopY0slTv5wAObZu0nOSsz6O86K/peQhVu+bqIBMJRKiewjawmIOqa9e8JHlFyXdMHxa0Ek4zDThWQVkiBCsKQ=="
    }
  }
}
