{
  "name": "api-dynamic-typescript-parser",
  "version": "0.9.0",
  "lockfileVersion": 2,
  "requires": true,
  "packages": {
    "": {
      "name": "api-dynamic-typescript-parser",
      "version": "0.9.0",
      "license": "ISC",
      "dependencies": {
        "api-untyped-ast": "^0.3.0",
        "pareto-core-types": "^0.2.0"
      }
    },
    "node_modules/api-untyped-ast": {
      "version": "0.3.0",
      "resolved": "https://registry.npmjs.org/api-untyped-ast/-/api-untyped-ast-0.3.0.tgz",
      "integrity": "sha512-2fFt7bnMB2kXSRwzl8kcXOUnuV5pbPs7jgAkburh4INCMe9OT9Tdx4a3zb44fl3RuSkckbK/Pd8yVnnrlZiWFQ==",
      "dependencies": {
        "pareto-core-types": "^0.2.0"
      }
    },
    "node_modules/pareto-core-types": {
      "version": "0.2.0",
      "resolved": "https://registry.npmjs.org/pareto-core-types/-/pareto-core-types-0.2.0.tgz",
      "integrity": "sha512-XopY0slTv5wAObZu0nOSsz6O86K/peQhVu+bqIBMJRKiewjawmIOqa9e8JHlFyXdMHxa0Ek4zDThWQVkiBCsKQ=="
    }
  },
  "dependencies": {
    "api-untyped-ast": {
      "version": "0.3.0",
      "resolved": "https://registry.npmjs.org/api-untyped-ast/-/api-untyped-ast-0.3.0.tgz",
      "integrity": "sha512-2fFt7bnMB2kXSRwzl8kcXOUnuV5pbPs7jgAkburh4INCMe9OT9Tdx4a3zb44fl3RuSkckbK/Pd8yVnnrlZiWFQ==",
      "requires": {
        "pareto-core-types": "^0.2.0"
      }
    },
    "pareto-core-types": {
      "version": "0.2.0",
      "resolved": "https://registry.npmjs.org/pareto-core-types/-/pareto-core-types-0.2.0.tgz",
      "integrity": "sha512-XopY0slTv5wAObZu0nOSsz6O86K/peQhVu+bqIBMJRKiewjawmIOqa9e8JHlFyXdMHxa0Ek4zDThWQVkiBCsKQ=="
    }
  }
}
